
Microsoft Visual Studio Solution File, Format Version 12.00
# Visual Studio 15
VisualStudioVersion = 15.0.26730.12
MinimumVisualStudioVersion = 10.0.40219.1
Project("{FAE04EC0-301F-11D3-BF4B-00C04F79EFBC}") = "Andrew_Stephen_Final_Project", "Andrew_Stephen_Final_Project\Andrew_Stephen_Final_Project.csproj", "{2ED88735-3188-4640-AFAD-82407DEB2CB1}"
EndProject
Global
	GlobalSection(SolutionConfigurationPlatforms) = preSolution
		Debug|Any CPU = Debug|Any CPU
		Release|Any CPU = Release|Any CPU
	EndGlobalSection
	GlobalSection(ProjectConfigurationPlatforms) = postSolution
		{2ED88735-3188-4640-AFAD-82407DEB2CB1}.Debug|Any CPU.ActiveCfg = Debug|Any CPU
		{2ED88735-3188-4640-AFAD-82407DEB2CB1}.Debug|Any CPU.Build.0 = Debug|Any CPU
		{2ED88735-3188-4640-AFAD-82407DEB2CB1}.Release|Any CPU.ActiveCfg = Release|Any CPU
		{2ED88735-3188-4640-AFAD-82407DEB2CB1}.Release|Any CPU.Build.0 = Release|Any CPU
	EndGlobalSection
	GlobalSection(SolutionProperties) = preSolution
		HideSolutionNode = FALSE
	EndGlobalSection
	GlobalSection(ExtensibilityGlobals) = postSolution
		SolutionGuid = {DB346340-A641-4F80-90AB-96B15E7301AA}
	EndGlobalSection
EndGlobal
